{
    "_readme": [
        "This file locks the dependencies of your project to a known state",
        "Read more about it at https://getcomposer.org/doc/01-basic-usage.md#composer-lock-the-lock-file",
        "This file is @generated automatically"
    ],
    "content-hash": "25792a5dc1ddd56dfee0f08095532437",
    "packages": [
        {
            "name": "luojiangtao/page",
            "version": "dev-master",
            "source": {
                "type": "git",
                "url": "https://github.com/luojiangtao/page.git",
                "reference": "6ca0a011d3c7aeec92156dcfe483294ab14210e1"
            },
            "dist": {
                "type": "zip",
                "url": "https://files.phpcomposer.com/files/luojiangtao/page/6ca0a011d3c7aeec92156dcfe483294ab14210e1.zip",
                "reference": "6ca0a011d3c7aeec92156dcfe483294ab14210e1",
                "shasum": ""
            },
            "type": "library",
            "autoload": {
                "psr-4": {
                    "luojiangtao\\": "src/"
                }
            },
            "notification-url": "https://packagist.org/downloads/",
            "license": [
                "MIT"
            ],
            "authors": [
                {
                    "name": "luojiangtao",
                    "email": "1368761119@qq.com"
                }
            ],
            "description": "page for aaphp frame work",
            "time": "2018-01-17T03:15:30+00:00"
        },
        {
            "name": "luojiangtao/upload",
            "version": "dev-master",
            "source": {
                "type": "git",
                "url": "https://github.com/luojiangtao/upload.git",
                "reference": "433fee7a86c84270ec43900f24c1e5c1792c26f7"
            },
            "dist": {
                "type": "zip",
                "url": "https://files.phpcomposer.com/files/luojiangtao/upload/433fee7a86c84270ec43900f24c1e5c1792c26f7.zip",
                "reference": "433fee7a86c84270ec43900f24c1e5c1792c26f7",
                "shasum": ""
            },
            "type": "library",
            "autoload": {
                "psr-4": {
                    "luojiangtao\\": "src/"
                }
            },
            "notification-url": "https://packagist.org/downloads/",
            "license": [
                "MIT"
            ],
            "authors": [
                {
                    "name": "luojiangtao",
                    "email": "1368761119@qq.com"
                }
            ],
            "description": "upload for aaphp frame work",
            "time": "2018-01-05T01:40:14+00:00"
        }
    ],
    "packages-dev": [],
    "aliases": [],
    "minimum-stability": "dev",
    "stability-flags": {
        "luojiangtao/upload": 20,
        "luojiangtao/page": 20
    },
    "prefer-stable": false,
    "prefer-lowest": false,
    "platform": [],
    "platform-dev": []
}
